{"SurveyEntry":{"SurveyID":"SV_e98l4S5aWCU8rEa","SurveyName":"Dialect new blocks","SurveyDescription":null,"SurveyOwnerID":"UR_eldtjZylgxyQaWi","SurveyBrandID":"utrechtuniversity","DivisionID":"DV_diBr652cUYzyBeZ","SurveyLanguage":"NL","SurveyActiveResponseSet":"RS_73Tjgs5055xKEdw","SurveyStatus":"Inactive","SurveyStartDate":"0000-00-00 00:00:00","SurveyExpirationDate":"0000-00-00 00:00:00","SurveyCreationDate":"2022-05-25 02:06:38","CreatorID":"UR_eldtjZylgxyQaWi","LastModified":"2024-03-20 02:44:24","LastAccessed":"0000-00-00 00:00:00","LastActivated":"2023-02-15 06:17:40","Deleted":null},"SurveyElements":[{"SurveyID":"SV_e98l4S5aWCU8rEa","Element":"BL","PrimaryAttribute":"Survey Blocks","SecondaryAttribute":null,"TertiaryAttribute":null,"Payload":{"1":{"Type":"Trash","Description":"Trash \/ Unused Questions","ID":"BL_d5qLERuCuwqXC50","BlockElements":[]},"2":{"Type":"Standard","SubType":"","Description":"Practice","ID":"BL_9ExQmQDYuUzhwa2","BlockElements":[{"Type":"Question","QuestionID":"QID5"},{"Type":"Question","QuestionID":"QID2"},{"Type":"Page Break"},{"Type":"Question","QuestionID":"QID3"}],"Options":{"BlockLocking":"false","RandomizeQuestions":"false","BlockVisibility":"Expanded","Looping":"Static","LoopingOptions":{"Static":{"1":{"1":"test.mp3","2":"53.1151705,5.5597054"},"2":{"1":"test.mp3","2":"53.1333322,5.6745782"}},"Randomization":"None"}}},"3":{"Type":"Standard","SubType":"","Description":"Score","ID":"BL_0oLXhsqRWnNQLk2","BlockElements":[{"Type":"Question","QuestionID":"QID7"}],"Options":{"BlockLocking":"false","RandomizeQuestions":"false","BlockVisibility":"Expanded"}},"4":{"Type":"Standard","SubType":"","Description":"Trials","ID":"BL_6sXiuyvQ6IoRVL8","BlockElements":[{"Type":"Question","QuestionID":"QID8"},{"Type":"Question","QuestionID":"QID9"},{"Type":"Page Break"},{"Type":"Question","QuestionID":"QID10"}],"Options":{"BlockLocking":false,"RandomizeQuestions":"false","BlockVisibility":"Expanded","Looping":"Static","LoopingOptions":{"Static":{"1":{"1":""},"2":{"1":""},"3":{"1":""},"4":{"1":""},"5":{"1":""},"6":{"1":""},"7":{"1":""},"8":{"1":""},"9":{"1":""},"10":{"1":""}},"Randomization":"None"}}},"6":{"Type":"Standard","SubType":"","Description":"Practice Intro","ID":"BL_3KnL9tRiol79NZk","Options":{"BlockLocking":"false","RandomizeQuestions":"false","BlockVisibility":"Expanded"},"BlockElements":[{"Type":"Question","QuestionID":"QID14"}]},"7":{"Type":"Standard","SubType":"","Description":"Trials Intro","ID":"BL_ekDgtCnBz7D6VaS","Options":{"BlockLocking":false,"RandomizeQuestions":"false","BlockVisibility":"Expanded"},"BlockElements":[{"Type":"Question","QuestionID":"QID15"}]},"8":{"Type":"Standard","SubType":"","Description":"Intro","ID":"BL_73fX1nRFTutOSY6","BlockElements":[{"Type":"Question","QuestionID":"QID16"},{"Type":"Question","QuestionID":"QID18"},{"Type":"Question","QuestionID":"QID19"}]},"9":{"Type":"Standard","SubType":"","Description":"Another round?","ID":"BL_8eQxxOtOCdiL9Pw","BlockElements":[{"Type":"Question","QuestionID":"QID23"}]},"10":{"Type":"Standard","SubType":"","Description":"Trials 2","ID":"BL_baAhOg2JVFlhkuG","BlockElements":[{"Type":"Question","QuestionID":"QID24"},{"Type":"Question","QuestionID":"QID25"},{"Type":"Page Break"},{"Type":"Question","QuestionID":"QID26"}],"Options":{"BlockLocking":false,"RandomizeQuestions":"false","BlockVisibility":"Expanded","Looping":"Static","LoopingOptions":{"Static":{"1":{"1":""},"2":{"1":""},"3":{"1":""},"4":{"1":""},"5":{"1":""},"6":{"1":""},"7":{"1":""},"8":{"1":""},"9":{"1":""},"10":{"1":""}},"Randomization":"None"}}},"11":{"Type":"Standard","SubType":"","Description":"Trials 3","ID":"BL_7VQrOJ0wQNLOlPU","BlockElements":[{"Type":"Question","QuestionID":"QID27"},{"Type":"Question","QuestionID":"QID28"},{"Type":"Page Break"},{"Type":"Question","QuestionID":"QID29"}],"Options":{"BlockLocking":false,"RandomizeQuestions":"false","BlockVisibility":"Expanded","Looping":"Static","LoopingOptions":{"Static":{"1":{"1":""},"2":{"1":""},"3":{"1":""},"4":{"1":""},"5":{"1":""},"6":{"1":""},"7":{"1":""},"8":{"1":""},"9":{"1":""},"10":{"1":""}},"Randomization":"None"}}},"12":{"Type":"Standard","SubType":"","Description":"Demographic questions","ID":"BL_9S51YzGbOiaMh8i","BlockElements":[{"Type":"Question","QuestionID":"QID30"},{"Type":"Question","QuestionID":"QID31"}]},"13":{"Type":"Standard","SubType":"","Description":"Block 10","ID":"BL_2363km0OIp1ENbE","BlockElements":[{"Type":"Question","QuestionID":"QID39"}]},"14":{"Type":"Standard","SubType":"","Description":"Block 11","ID":"BL_eeQ63dIFJ6GZtBA","BlockElements":[{"Type":"Question","QuestionID":"QID37"},{"Type":"Question","QuestionID":"QID38"}]},"15":{"Type":"Standard","SubType":"","Description":"Block 12","ID":"BL_9NdFeZbmIoHQk3I","BlockElements":[{"Type":"Question","QuestionID":"QID36"}]},"16":{"Type":"Standard","SubType":"","Description":"Block 13","ID":"BL_6G8S2MbasvHvk0u","BlockElements":[{"Type":"Question","QuestionID":"QID34"}]},"17":{"Type":"Standard","SubType":"","Description":"Block 14","ID":"BL_0HV5AA1lwv2mHau","BlockElements":[{"Type":"Question","QuestionID":"QID33"}]}}},{"SurveyID":"SV_e98l4S5aWCU8rEa","Element":"FL","PrimaryAttribute":"Survey Flow","SecondaryAttribute":null,"TertiaryAttribute":null,"Payload":{"Type":"Root","FlowID":"FL_1","Flow":[{"Type":"Block","ID":"BL_73fX1nRFTutOSY6","FlowID":"FL_22","Autofill":[]},{"Type":"Block","ID":"BL_3KnL9tRiol79NZk","FlowID":"FL_35","Autofill":[]},{"Type":"Block","ID":"BL_9ExQmQDYuUzhwa2","FlowID":"FL_36","Autofill":[]},{"Type":"Standard","ID":"BL_ekDgtCnBz7D6VaS","FlowID":"FL_20","Autofill":[]},{"Type":"Group","FlowID":"FL_12","Description":"Trials","Flow":[{"Type":"Standard","ID":"BL_6sXiuyvQ6IoRVL8","FlowID":"FL_16","Autofill":[]},{"Type":"Standard","ID":"BL_8eQxxOtOCdiL9Pw","FlowID":"FL_23","Autofill":[]},{"Type":"Branch","FlowID":"FL_24","Description":"New Branch","BranchLogic":{"0":{"0":{"LogicType":"Question","QuestionID":"QID23","QuestionIsInLoop":"no","ChoiceLocator":"q:\/\/QID23\/SelectableChoice\/1","Operator":"Selected","QuestionIDFromLocator":"QID23","LeftOperand":"q:\/\/QID23\/SelectableChoice\/1","Type":"Expression","Description":"<span class=\"ConjDesc\">If<\/span> <span class=\"QuestionDesc\">Would you like to try another round?<\/span> <span class=\"LeftOpDesc\">Yes, I'd like to listen to 10 more speakers<\/span> <span class=\"OpDesc\">Is Selected<\/span> "},"Type":"If"},"Type":"BooleanExpression"},"Flow":[{"Type":"Standard","ID":"BL_baAhOg2JVFlhkuG","FlowID":"FL_30","Autofill":[]},{"Type":"Standard","ID":"BL_8eQxxOtOCdiL9Pw","FlowID":"FL_29","Autofill":[]},{"Type":"Branch","FlowID":"FL_27","Description":"New Branch","BranchLogic":{"0":{"0":{"LogicType":"Question","QuestionID":"QID23","QuestionIsInLoop":"no","ChoiceLocator":"q:\/\/QID23\/SelectableChoice\/1","Operator":"Selected","QuestionIDFromLocator":"QID23","LeftOperand":"q:\/\/QID23\/SelectableChoice\/1","Type":"Expression","Description":"<span class=\"ConjDesc\">If<\/span> <span class=\"QuestionDesc\">Would you like to try another round?<\/span> <span class=\"LeftOpDesc\">Yes, I'd like to listen to 10 more speakers<\/span> <span class=\"OpDesc\">Is Selected<\/span> "},"Type":"If"},"Type":"BooleanExpression"},"Flow":[{"Type":"Standard","ID":"BL_7VQrOJ0wQNLOlPU","FlowID":"FL_31","Autofill":[]}]}]}]},{"Type":"Group","FlowID":"FL_7","Description":"Demographic questions","Flow":[{"Type":"Block","ID":"BL_9S51YzGbOiaMh8i","FlowID":"FL_34","Autofill":[]},{"ID":"BL_0HV5AA1lwv2mHau","Type":"Standard","FlowID":"FL_41"},{"ID":"BL_6G8S2MbasvHvk0u","Type":"Standard","FlowID":"FL_40"},{"ID":"BL_9NdFeZbmIoHQk3I","Type":"Standard","FlowID":"FL_39"},{"ID":"BL_eeQ63dIFJ6GZtBA","Type":"Standard","FlowID":"FL_38"},{"ID":"BL_2363km0OIp1ENbE","Type":"Standard","FlowID":"FL_37"}]}],"Properties":{"Count":41,"RemovedFieldsets":[]}}},{"SurveyID":"SV_e98l4S5aWCU8rEa","Element":"PL","PrimaryAttribute":"Preview Link","SecondaryAttribute":null,"TertiaryAttribute":null,"Payload":{"PreviewType":"Public","PreviewID":"d3d75fbe-3320-4e15-982c-411aae3bd23f"}},{"SurveyID":"SV_e98l4S5aWCU8rEa","Element":"RS","PrimaryAttribute":"RS_73Tjgs5055xKEdw","SecondaryAttribute":null,"TertiaryAttribute":null,"Payload":null},{"SurveyID":"SV_e98l4S5aWCU8rEa","Element":"SO","PrimaryAttribute":"Survey Options","SecondaryAttribute":null,"TertiaryAttribute":null,"Payload":{"BackButton":"false","SaveAndContinue":"false","SurveyProtection":"PublicSurvey","BallotBoxStuffingPrevention":"false","NoIndex":"Yes","SecureResponseFiles":"true","SurveyExpiration":"None","SurveyTermination":"DisplayMessage","Header":"<script>\n    var MAPS_API_KEY = '';\n<\/script><!--<script src=\"http:\/\/localhost:8000\/main.js\"><\/script>--><script src=\"https:\/\/dhstatic.hum.uu.nl\/dialect-drongo-ii\/main.js\"><\/script>","Footer":"","ProgressBarDisplay":"None","PartialData":"+1 week","ValidationMessage":null,"PreviousButton":" \u2190 ","NextButton":" \u2192 ","SurveyTitle":"Qualtrics Survey | Qualtrics Experience Management","SkinLibrary":"utrechtuniversity","SkinType":"templated","Skin":{"brandingId":"381247668","templateId":"*base","overrides":{"colors":{"primary":"#ffcc00","secondary":"#ffcc00"},"logo":{"url":"https:\/\/survey.uu.nl\/CP\/Graphic.php?IM=IM_bOaX9dJcbrVaCcm"}}},"NewScoring":1,"EOSMessage":"MS_73vQuEfPQZMmS8K","ShowExportTags":"false","CollectGeoLocation":"false","SurveyMetaDescription":"The most powerful, simple and trusted way to gather experience data. Start your journey to experience management and try a free account today.","PasswordProtection":"No","AnonymizeResponse":"Yes","RefererCheck":"No","BallotBoxStuffingPreventionBehavior":null,"BallotBoxStuffingPreventionMessage":null,"BallotBoxStuffingPreventionMessageLibrary":null,"BallotBoxStuffingPreventionURL":null,"RecaptchaV3":"false","ConfirmStart":false,"AutoConfirmStart":false,"UseCustomSurveyLinkCompletedMessage":null,"SurveyLinkCompletedMessage":null,"SurveyLinkCompletedMessageLibrary":null,"ResponseSummary":"No","EOSMessageLibrary":"UR_eldtjZylgxyQaWi","EOSRedirectURL":"http:\/\/","EmailThankYou":"false","ThankYouEmailMessageLibrary":null,"ThankYouEmailMessage":null,"ValidateMessage":"false","ValidationMessageLibrary":null,"InactiveSurvey":"DefaultMessage","PartialDeletion":null,"PartialDataCloseAfter":"LastActivity","InactiveMessageLibrary":null,"InactiveMessage":null,"AvailableLanguages":{"NL":[]},"CustomStyles":[],"headerMid":"","ExternalCSS":"https:\/\/dhstatic.hum.uu.nl\/dialect-drongo-ii\/main.css","SurveyAnalysisDisabled":true,"ProtectSelectionIds":true}},{"SurveyID":"SV_e98l4S5aWCU8rEa","Element":"SCO","PrimaryAttribute":"Scoring","SecondaryAttribute":null,"TertiaryAttribute":null,"Payload":{"ScoringCategories":[],"ScoringCategoryGroups":[],"ScoringSummaryCategory":null,"ScoringSummaryAfterQuestions":0,"ScoringSummaryAfterSurvey":0,"DefaultScoringCategory":null,"AutoScoringCategory":null}},{"SurveyID":"SV_e98l4S5aWCU8rEa","Element":"PROJ","PrimaryAttribute":"CORE","SecondaryAttribute":null,"TertiaryAttribute":"1.1.0","Payload":{"ProjectCategory":"CORE","SchemaVersion":"1.1.0"}},{"SurveyID":"SV_e98l4S5aWCU8rEa","Element":"STAT","PrimaryAttribute":"Survey Statistics","SecondaryAttribute":null,"TertiaryAttribute":null,"Payload":{"MobileCompatible":true,"ID":"Survey Statistics"}},{"SurveyID":"SV_e98l4S5aWCU8rEa","Element":"QC","PrimaryAttribute":"Survey Question Count","SecondaryAttribute":"39","TertiaryAttribute":null,"Payload":null},{"SurveyID":"SV_e98l4S5aWCU8rEa","Element":"SQ","PrimaryAttribute":"QID18","SecondaryAttribute":"\u00a0 \u00a0","TertiaryAttribute":null,"Payload":{"QuestionText":"&nbsp; &nbsp;<br>","DefaultChoices":false,"DataExportTag":"Q15","QuestionType":"MC","Selector":"SAVR","SubSelector":"TX","Configuration":{"QuestionDescriptionOption":"UseText"},"QuestionDescription":"\u00a0 \u00a0","Choices":{"1":{"Display":"<p>Ja, ik geef toestemming om mijn antwoorden te gebruiken voor wetenschappelijk onderzoek.<\/p>\n\n<p><i>Ja, ik jou tastimming om myn antwurden te br&ucirc;ken foar wittenskiplik &ucirc;ndersyk.<\/i><\/p>"}},"ChoiceOrder":["1"],"Validation":{"Settings":{"ForceResponse":"ON","ForceResponseType":"ON","Type":"None"}},"GradingData":[],"Language":[],"NextChoiceId":5,"NextAnswerId":1,"QuestionID":"QID18","DataVisibility":{"Private":false,"Hidden":false}}},{"SurveyID":"SV_e98l4S5aWCU8rEa","Element":"SQ","PrimaryAttribute":"QID15","SecondaryAttribute":"Dat waren de voorbeelden. Nu begint het.Dat wiene de foarbylden. No begjint it.","TertiaryAttribute":null,"Payload":{"QuestionText":"<span style=\"font-size:16px;\">Dat waren de voorbeelden. Nu begint het.<br>\n<em>Dat wiene de foarbylden. No begjint it.<\/em><\/span>","DefaultChoices":false,"QuestionType":"DB","Selector":"TB","Configuration":{"QuestionDescriptionOption":"UseText"},"QuestionDescription":"Dat waren de voorbeelden. Nu begint het.Dat wiene de foarbylden. No begjint it.","ChoiceOrder":[],"Validation":{"Settings":{"Type":"None"}},"GradingData":[],"Language":[],"NextChoiceId":4,"NextAnswerId":1,"QuestionText_Unsafe":"Practice round intro<br>","DataExportTag":"Q15","QuestionID":"QID15","DataVisibility":{"Private":false,"Hidden":false},"QuestionJS":"Qualtrics.SurveyEngine.addOnload(function()\n{\n\tstartNewRound();\n\n});\n\nQualtrics.SurveyEngine.addOnReady(function()\n{\n\t\/*Place your JavaScript here to run when the page is fully displayed*\/\n\n});\n\nQualtrics.SurveyEngine.addOnUnload(function()\n{\n\t\/*Place your JavaScript here to run when the page is unloaded*\/\n\n});"}},{"SurveyID":"SV_e98l4S5aWCU8rEa","Element":"SQ","PrimaryAttribute":"QID14","SecondaryAttribute":"Herken je het accent?Kinne jo it aksint teplak bringe? Eerst komen er twee voorbeeldenEarst binne...","TertiaryAttribute":null,"Payload":{"QuestionText":"<span style=\"font-size:16px;\">Herken je het accent?<br \/>\n<i>Kinne jo it aksint teplak bringe? <\/i><br \/>\n<br \/>\nEerst komen er twee voorbeelden<br \/>\n<i>Earst binne der twa foarbylden<\/i><\/span>","DefaultChoices":false,"DataExportTag":"Q11","QuestionType":"DB","Selector":"TB","Configuration":{"QuestionDescriptionOption":"UseText"},"QuestionDescription":"Herken je het accent?Kinne jo it aksint teplak bringe? Eerst komen er twee voorbeeldenEarst binne...","ChoiceOrder":[],"Validation":{"Settings":{"Type":"None"}},"GradingData":[],"Language":[],"NextChoiceId":4,"NextAnswerId":1,"QuestionID":"QID14","DataVisibility":{"Private":false,"Hidden":false}}},{"SurveyID":"SV_e98l4S5aWCU8rEa","Element":"SQ","PrimaryAttribute":"QID39","SecondaryAttribute":"Hoe schat je je geografische kennis in?Hoe skatte jo jo geografyske kennis?","TertiaryAttribute":null,"Payload":{"QuestionText":"<p><span style=\"font-size:16px;\">Hoe schat je je geografische kennis in?<br \/>\n<i>Hoe skatte jo jo geografyske kennis?<\/i><\/span><\/p>","DefaultChoices":false,"DataExportTag":"Q29","QuestionID":"QID39","QuestionType":"Slider","Selector":"HSLIDER","Configuration":{"QuestionDescriptionOption":"UseText","TextPosition":"inline","CSSliderMin":1,"CSSliderMax":10,"GridLines":9,"SnapToGrid":true,"NumDecimals":"0","ShowValue":true,"CustomStart":true,"NotApplicable":false,"MobileFirst":true,"SliderStartPositions":{"1":0.09948542024013722062658615641339565627276897430419921875}},"QuestionDescription":"Hoe schat je je geografische kennis in?Hoe skatte jo jo geografyske kennis?","Choices":{"4":{"Display":"&nbsp;"}},"ChoiceOrder":["4"],"Validation":{"Settings":{"ForceResponse":"OFF","Type":"None"}},"GradingData":[],"Language":[],"NextChoiceId":5,"NextAnswerId":4,"Labels":[],"DataVisibility":{"Private":false,"Hidden":false},"Answers":{"1":{"Display":1},"2":{"Display":2},"3":{"Display":3},"4":{"Display":4},"5":{"Display":5},"6":{"Display":6},"7":{"Display":7},"8":{"Display":8},"9":{"Display":9},"10":{"Display":10}}}},{"SurveyID":"SV_e98l4S5aWCU8rEa","Element":"SQ","PrimaryAttribute":"QID7","SecondaryAttribute":"Je eindcijfer is een\u00a0${e:\/\/Field\/score} (op een schaal van 0-10)Jo einsifer is in\u00a0...","TertiaryAttribute":null,"Payload":{"QuestionText":"<p><span style=\"font-size:19px;\"><strong>Je eindcijfer is een&nbsp;${e:\/\/Field\/score}<\/strong> (op een schaal van 0-10)<br \/>\n<strong><i>Jo einsifer is in&nbsp;<\/i>${e:\/\/Field\/score}<i> <\/i><\/strong><i>(op in skaal fan 0-10)<\/i><\/span><\/p>","DefaultChoices":false,"DataExportTag":"Q4","QuestionType":"DB","Selector":"TB","Configuration":{"QuestionDescriptionOption":"UseText"},"QuestionDescription":"Je eindcijfer is een\u00a0${e:\/\/Field\/score} (op een schaal van 0-10)Jo einsifer is in\u00a0...","ChoiceOrder":[],"Validation":{"Settings":{"Type":"None"}},"GradingData":[],"Language":[],"NextChoiceId":4,"NextAnswerId":1,"QuestionID":"QID7","DataVisibility":{"Private":false,"Hidden":false}}},{"SurveyID":"SV_e98l4S5aWCU8rEa","Element":"SQ","PrimaryAttribute":"QID30","SecondaryAttribute":"Persoonlijke vragen: Beantwoord deze vragen en krijg daarna je score te zien. Persoanlike fragen:...","TertiaryAttribute":null,"Payload":{"QuestionText":"<p><span style=\"font-size:16px;\"><b>Persoonlijke vragen: Beantwoord deze vragen en krijg daarna je score te zien.<\/b><\/span><\/p>\n\n<p><span style=\"font-size:16px;\"><i><b>Persoanlike fragen: Be&auml;ntwurdzje dizze fragen, dan kinne jo d&ecirc;rnei jo skoare sjen.<\/b><\/i><\/span><\/p>","DefaultChoices":false,"DataExportTag":"Q23","QuestionType":"DB","Selector":"TB","Configuration":{"QuestionDescriptionOption":"UseText"},"QuestionDescription":"Persoonlijke vragen: Beantwoord deze vragen en krijg daarna je score te zien. Persoanlike fragen:...","ChoiceOrder":[],"Validation":{"Settings":{"Type":"None"}},"GradingData":[],"Language":[],"NextChoiceId":4,"NextAnswerId":1,"QuestionID":"QID30","DataVisibility":{"Private":false,"Hidden":false}}},{"SurveyID":"SV_e98l4S5aWCU8rEa","Element":"SQ","PrimaryAttribute":"QID3","SecondaryAttribute":"Placeholder text","TertiaryAttribute":null,"Payload":{"QuestionText":"<div id=\"pp_feedback\">Placeholder text<\/div>\n\n<input type=\"hidden\" value=\"${q:\/\/QID2\/ChoiceTextEntryValue}\" id=\"response_json\"\/>\n<input type=\"hidden\" value=\"${e:\/\/Field\/score}\" id=\"score\"\/>","DefaultChoices":false,"DataExportTag":"Q3","QuestionType":"DB","Selector":"TB","Configuration":{"QuestionDescriptionOption":"UseText"},"QuestionDescription":"Placeholder text","ChoiceOrder":[],"Validation":{"Settings":{"Type":"None"}},"GradingData":[],"Language":[],"NextChoiceId":4,"NextAnswerId":1,"QuestionID":"QID3","DataVisibility":{"Private":false,"Hidden":false},"QuestionJS":"Qualtrics.SurveyEngine.addOnload(function() {\n\tshowFeedback(this.questionId, this.getQuestionContainer());\n});\n\nQualtrics.SurveyEngine.addOnReady(function()\n{\n\t\/*Place your JavaScript here to run when the page is fully displayed*\/\n\n});\n\nQualtrics.SurveyEngine.addOnUnload(function()\n{\n\t\/*Place your JavaScript here to run when the page is unloaded*\/\n\n});"}},{"SurveyID":"SV_e98l4S5aWCU8rEa","Element":"SQ","PrimaryAttribute":"QID10","SecondaryAttribute":"Placeholder text","TertiaryAttribute":null,"Payload":{"QuestionText":"<div id=\"pp_feedback\">Placeholder text<\/div>\n\n<input type=\"hidden\" value=\"${q:\/\/QID9\/ChoiceTextEntryValue}\" id=\"response_json\"\/>\n<input type=\"hidden\" value=\"${e:\/\/Field\/score}\" id=\"score\"\/>","DefaultChoices":false,"QuestionType":"DB","Selector":"TB","Configuration":{"QuestionDescriptionOption":"UseText"},"QuestionDescription":"Placeholder text","ChoiceOrder":[],"Validation":{"Settings":{"Type":"None"}},"GradingData":[],"Language":[],"NextChoiceId":4,"NextAnswerId":1,"DataVisibility":{"Private":false,"Hidden":false},"QuestionJS":"Qualtrics.SurveyEngine.addOnload(function() {\n\tshowFeedback(this.questionId, this.getQuestionContainer());\n});\n\nQualtrics.SurveyEngine.addOnReady(function()\n{\n\t\/*Place your JavaScript here to run when the page is fully displayed*\/\n\n});\n\nQualtrics.SurveyEngine.addOnUnload(function()\n{\n\t\/*Place your JavaScript here to run when the page is unloaded*\/\n\n});","QuestionText_Unsafe":"<div id=\"pp_feedback\">Placeholder text<\/div>\n\n<input type=\"hidden\" value=\"${q:\/\/QID9\/ChoiceTextEntryValue}\" id=\"response_json\"\/>\n<input type=\"hidden\" value=\"${e:\/\/Field\/score}\" id=\"score\"\/>","DataExportTag":"Q10","QuestionID":"QID10"}},{"SurveyID":"SV_e98l4S5aWCU8rEa","Element":"SQ","PrimaryAttribute":"QID26","SecondaryAttribute":"Placeholder text","TertiaryAttribute":null,"Payload":{"QuestionText":"<div id=\"pp_feedback\">Placeholder text<\/div>\n\n<input type=\"hidden\" value=\"${q:\/\/QID25\/ChoiceTextEntryValue}\" id=\"response_json\"\/>\n<input type=\"hidden\" value=\"${e:\/\/Field\/score}\" id=\"score\"\/>","DefaultChoices":false,"QuestionType":"DB","Selector":"TB","Configuration":{"QuestionDescriptionOption":"UseText"},"QuestionDescription":"Placeholder text","ChoiceOrder":[],"Validation":{"Settings":{"Type":"None"}},"GradingData":[],"Language":[],"NextChoiceId":4,"NextAnswerId":1,"DataVisibility":{"Private":false,"Hidden":false},"QuestionJS":"Qualtrics.SurveyEngine.addOnload(function() {\n\tshowFeedback(this.questionId, this.getQuestionContainer());\n});\n\nQualtrics.SurveyEngine.addOnReady(function()\n{\n\t\/*Place your JavaScript here to run when the page is fully displayed*\/\n\n});\n\nQualtrics.SurveyEngine.addOnUnload(function()\n{\n\t\/*Place your JavaScript here to run when the page is unloaded*\/\n\n});","QuestionText_Unsafe":"<div id=\"pp_feedback\">Placeholder text<\/div>\n\n<input type=\"hidden\" value=\"${q:\/\/QID25\/ChoiceTextEntryValue}\" id=\"response_json\"\/>\n<input type=\"hidden\" value=\"${e:\/\/Field\/score}\" id=\"score\"\/>","DataExportTag":"Q26","QuestionID":"QID26"}},{"SurveyID":"SV_e98l4S5aWCU8rEa","Element":"SQ","PrimaryAttribute":"QID29","SecondaryAttribute":"Placeholder text","TertiaryAttribute":null,"Payload":{"QuestionText":"<div id=\"pp_feedback\">Placeholder text<\/div>\n\n<input type=\"hidden\" value=\"${q:\/\/QID28\/ChoiceTextEntryValue}\" id=\"response_json\"\/>\n<input type=\"hidden\" value=\"${e:\/\/Field\/score}\" id=\"score\"\/>","DefaultChoices":false,"QuestionType":"DB","Selector":"TB","Configuration":{"QuestionDescriptionOption":"UseText"},"QuestionDescription":"Placeholder text","ChoiceOrder":[],"Validation":{"Settings":{"Type":"None"}},"GradingData":[],"Language":[],"NextChoiceId":4,"NextAnswerId":1,"DataVisibility":{"Private":false,"Hidden":false},"QuestionJS":"Qualtrics.SurveyEngine.addOnload(function() {\n\tshowFeedback(this.questionId, this.getQuestionContainer());\n});\n\nQualtrics.SurveyEngine.addOnReady(function()\n{\n\t\/*Place your JavaScript here to run when the page is fully displayed*\/\n\n});\n\nQualtrics.SurveyEngine.addOnUnload(function()\n{\n\t\/*Place your JavaScript here to run when the page is unloaded*\/\n\n});","QuestionText_Unsafe":"<div id=\"pp_feedback\">Placeholder text<\/div>\n\n<input type=\"hidden\" value=\"${q:\/\/QID28\/ChoiceTextEntryValue}\" id=\"response_json\"\/>\n<input type=\"hidden\" value=\"${e:\/\/Field\/score}\" id=\"score\"\/>","DataExportTag":"Q29","QuestionID":"QID29"}},{"SurveyID":"SV_e98l4S5aWCU8rEa","Element":"SQ","PrimaryAttribute":"QID2","SecondaryAttribute":"Tip: je kunt op de kaart inzoomen om een specifiekere locatie te kiezen.Tip: Jo kinne ynzoome op...","TertiaryAttribute":null,"Payload":{"QuestionText":"<span style=\"font-size:16px;\">Tip: je kunt op de kaart inzoomen om een specifiekere locatie te kiezen.<br \/>\n<em>Tip: Jo kinne ynzoome op de kaart om in mear spesifike lokaasje te kiezen.&nbsp;<\/em><\/span>","DefaultChoices":false,"DataExportTag":"Q2","QuestionType":"TE","Selector":"SL","Configuration":{"QuestionDescriptionOption":"UseText"},"QuestionDescription":"Tip: je kunt op de kaart inzoomen om een specifiekere locatie te kiezen.Tip: Jo kinne ynzoome op...","Validation":{"Settings":{"ForceResponse":"OFF","Type":"None"}},"GradingData":[],"Language":[],"NextChoiceId":4,"NextAnswerId":1,"SearchSource":{"AllowFreeResponse":"false"},"QuestionID":"QID2","QuestionJS":"Qualtrics.SurveyEngine.addOnload(function() {\n\tinitGoogleMapsQuestion(this.questionId, this.getQuestionContainer());\n});\n\nQualtrics.SurveyEngine.addOnReady(function()\n{\n\tonReadyHandler();\n\n});\n\nQualtrics.SurveyEngine.addOnUnload(function()\n{\n\t\/*Place your JavaScript here to run when the page is unloaded*\/\n\n});","DataVisibility":{"Private":false,"Hidden":false}}},{"SurveyID":"SV_e98l4S5aWCU8rEa","Element":"SQ","PrimaryAttribute":"QID9","SecondaryAttribute":"Tip: je kunt op de kaart inzoomen om een specifiekere locatie te kiezen.Tip: Jo kinne ynzoome op...","TertiaryAttribute":null,"Payload":{"QuestionText":"<span style=\"font-size:16px;\">Tip: je kunt op de kaart inzoomen om een specifiekere locatie te kiezen.<br \/>\n<em>Tip: Jo kinne ynzoome op de kaart om in mear spesifike lokaasje te kiezen.<\/em><\/span>","DefaultChoices":false,"QuestionType":"TE","Selector":"SL","Configuration":{"QuestionDescriptionOption":"UseText"},"QuestionDescription":"Tip: je kunt op de kaart inzoomen om een specifiekere locatie te kiezen.Tip: Jo kinne ynzoome op...","Validation":{"Settings":{"ForceResponse":"OFF","Type":"None"}},"GradingData":[],"Language":[],"NextChoiceId":4,"NextAnswerId":1,"SearchSource":{"AllowFreeResponse":"false"},"QuestionJS":"Qualtrics.SurveyEngine.addOnload(function() {\n\tinitGoogleMapsQuestion(this.questionId, this.getQuestionContainer());\n});\n\nQualtrics.SurveyEngine.addOnReady(function()\n{\n\tonReadyHandler();\n\n});\n\nQualtrics.SurveyEngine.addOnUnload(function()\n{\n\t\/*Place your JavaScript here to run when the page is unloaded*\/\n\n});","DataVisibility":{"Private":false,"Hidden":false},"QuestionText_Unsafe":"Place a marker on the map:","DataExportTag":"Q9","QuestionID":"QID9"}},{"SurveyID":"SV_e98l4S5aWCU8rEa","Element":"SQ","PrimaryAttribute":"QID25","SecondaryAttribute":"Tip: je kunt op de kaart inzoomen om een specifiekere locatie te kiezen.Tip: Jo kinne ynzoome op...","TertiaryAttribute":null,"Payload":{"QuestionText":"<span style=\"font-size:16px;\">Tip: je kunt op de kaart inzoomen om een specifiekere locatie te kiezen.<br \/>\n<em>Tip: Jo kinne ynzoome op de kaart om in mear spesifike lokaasje te kiezen.<\/em><\/span>","DefaultChoices":false,"QuestionType":"TE","Selector":"SL","Configuration":{"QuestionDescriptionOption":"UseText"},"QuestionDescription":"Tip: je kunt op de kaart inzoomen om een specifiekere locatie te kiezen.Tip: Jo kinne ynzoome op...","Validation":{"Settings":{"ForceResponse":"OFF","Type":"None"}},"GradingData":[],"Language":[],"NextChoiceId":4,"NextAnswerId":1,"SearchSource":{"AllowFreeResponse":"false"},"QuestionJS":"Qualtrics.SurveyEngine.addOnload(function() {\n\tinitGoogleMapsQuestion(this.questionId, this.getQuestionContainer());\n});\n\nQualtrics.SurveyEngine.addOnReady(function()\n{\n\tonReadyHandler();\n\n});\n\nQualtrics.SurveyEngine.addOnUnload(function()\n{\n\t\/*Place your JavaScript here to run when the page is unloaded*\/\n\n});","DataVisibility":{"Private":false,"Hidden":false},"QuestionText_Unsafe":"Place a marker on the map:","DataExportTag":"Q25","QuestionID":"QID25"}},{"SurveyID":"SV_e98l4S5aWCU8rEa","Element":"SQ","PrimaryAttribute":"QID28","SecondaryAttribute":"Tip: je kunt op de kaart inzoomen om een specifiekere locatie te kiezen.Tip: Jo kinne ynzoome op...","TertiaryAttribute":null,"Payload":{"QuestionText":"<span style=\"font-size:16px;\">Tip: je kunt op de kaart inzoomen om een specifiekere locatie te kiezen.<br \/>\n<em>Tip: Jo kinne ynzoome op de kaart om in mear spesifike lokaasje te kiezen.<\/em><\/span>","DefaultChoices":false,"QuestionType":"TE","Selector":"SL","Configuration":{"QuestionDescriptionOption":"UseText"},"QuestionDescription":"Tip: je kunt op de kaart inzoomen om een specifiekere locatie te kiezen.Tip: Jo kinne ynzoome op...","Validation":{"Settings":{"ForceResponse":"OFF","Type":"None"}},"GradingData":[],"Language":[],"NextChoiceId":4,"NextAnswerId":1,"SearchSource":{"AllowFreeResponse":"false"},"QuestionJS":"Qualtrics.SurveyEngine.addOnload(function() {\n\tinitGoogleMapsQuestion(this.questionId, this.getQuestionContainer());\n});\n\nQualtrics.SurveyEngine.addOnReady(function()\n{\n\tonReadyHandler();\n\n});\n\nQualtrics.SurveyEngine.addOnUnload(function()\n{\n\t\/*Place your JavaScript here to run when the page is unloaded*\/\n\n});","DataVisibility":{"Private":false,"Hidden":false},"QuestionText_Unsafe":"Place a marker on the map:","DataExportTag":"Q28","QuestionID":"QID28"}},{"SurveyID":"SV_e98l4S5aWCU8rEa","Element":"SQ","PrimaryAttribute":"QID19","SecondaryAttribute":"Voor meer informatie: Anne-France Pinget Universiteit Utrecht & Fryske Akademy apinget@fryske-aka...","TertiaryAttribute":null,"Payload":{"QuestionText":"<p lang=\"en-US\"><font size=\"3\">Voor meer informatie: <\/font><\/p>\n\n<p lang=\"en-US\"><font size=\"3\">Anne-France Pinget <\/font><\/p>\n\n<p lang=\"en-US\"><font size=\"3\">Universiteit Utrecht &amp; Fryske Akademy<\/font><\/p>\n\n<p lang=\"en-US\"><font color=\"#0000ff\"><u><a href=\"mailto:apinget@fryske-akademy.nl\">apinget@fryske-akademy.nl<\/a><\/u><\/font><\/p>\n\n<p>&nbsp;<\/p>","DefaultChoices":false,"DataExportTag":"Q16","QuestionType":"DB","Selector":"TB","Configuration":{"QuestionDescriptionOption":"UseText"},"QuestionDescription":"Voor meer informatie: Anne-France Pinget Universiteit Utrecht & Fryske Akademy apinget@fryske-aka...","ChoiceOrder":[],"Validation":{"Settings":{"Type":"None"}},"GradingData":[],"Language":[],"NextChoiceId":4,"NextAnswerId":1,"QuestionID":"QID19"}},{"SurveyID":"SV_e98l4S5aWCU8rEa","Element":"SQ","PrimaryAttribute":"QID5","SecondaryAttribute":"Waar in Friesland komt de spreker vandaan?W\u00ear yn Frysl\u00e2n komt de sprekker wei?","TertiaryAttribute":null,"Payload":{"QuestionText":"<span style=\"font-size:16px;\">Waar in Friesland komt de spreker vandaan?<br \/>\n<em>W&ecirc;r yn Frysl&acirc;n komt de sprekker wei?<\/em><\/span>","DefaultChoices":false,"DataExportTag":"Q5","QuestionType":"DB","Selector":"TB","Configuration":{"QuestionDescriptionOption":"UseText"},"QuestionDescription":"Waar in Friesland komt de spreker vandaan?W\u00ear yn Frysl\u00e2n komt de sprekker wei?","ChoiceOrder":[],"Validation":{"Settings":{"Type":"None"}},"GradingData":[],"Language":[],"NextChoiceId":4,"NextAnswerId":1,"QuestionID":"QID5","DataVisibility":{"Private":false,"Hidden":false},"QuestionJS":"Qualtrics.SurveyEngine.addOnload(function()\n{\n\tinitSpeakerFragment(this.getQuestionContainer(), '${lm:\/\/Field\/1}', '${lm:\/\/Field\/2}');\n});\n\nQualtrics.SurveyEngine.addOnReady(function()\n{\n\t\/*Place your JavaScript here to run when the page is fully displayed*\/\n\n});\n\nQualtrics.SurveyEngine.addOnUnload(function()\n{\n\t\/*Place your JavaScript here to run when the page is unloaded*\/\n\n});"}},{"SurveyID":"SV_e98l4S5aWCU8rEa","Element":"SQ","PrimaryAttribute":"QID8","SecondaryAttribute":"Waar in Friesland komt de spreker vandaan?W\u00ear yn Frysl\u00e2n komt de sprekker wei?","TertiaryAttribute":null,"Payload":{"QuestionText":"<span style=\"font-size:16px;\">Waar in Friesland komt de spreker vandaan?<br \/>\n<em>W&ecirc;r yn Frysl&acirc;n komt de sprekker wei?<\/em><\/span>","DefaultChoices":false,"QuestionType":"DB","Selector":"TB","Configuration":{"QuestionDescriptionOption":"UseText"},"QuestionDescription":"Waar in Friesland komt de spreker vandaan?W\u00ear yn Frysl\u00e2n komt de sprekker wei?","ChoiceOrder":[],"Validation":{"Settings":{"Type":"None"}},"GradingData":[],"Language":[],"NextChoiceId":4,"NextAnswerId":1,"DataVisibility":{"Private":false,"Hidden":false},"QuestionText_Unsafe":"<p>Listen to the following fragment:<\/p><p><br><\/p>\n\n<p><audio controls=\"\" src=\"http:\/\/localhost:8000\/${lm:\/\/Field\/1}\" id=\"fragment_audio\"><\/audio><\/p>\n<p class=\"listen-first\">Please listen to the speaker first<\/p>\n<input value=\"${lm:\/\/Field\/2}\" name=\"fragment_location\" id=\"fragment_location\" type=\"hidden\">","DataExportTag":"Q8","QuestionID":"QID8","QuestionJS":"Qualtrics.SurveyEngine.addOnload(function()\n{\n\tinitSpeakerFragment(this.getQuestionContainer(), '${lm:\/\/Field\/1}', '${lm:\/\/Field\/2}');\n\n});\n\nQualtrics.SurveyEngine.addOnReady(function()\n{\n\t\/*Place your JavaScript here to run when the page is fully displayed*\/\n\n});\n\nQualtrics.SurveyEngine.addOnUnload(function()\n{\n\t\/*Place your JavaScript here to run when the page is unloaded*\/\n\n});"}},{"SurveyID":"SV_e98l4S5aWCU8rEa","Element":"SQ","PrimaryAttribute":"QID24","SecondaryAttribute":"Waar in Friesland komt de spreker vandaan?W\u00ear yn Frysl\u00e2n komt de sprekker wei?","TertiaryAttribute":null,"Payload":{"QuestionText":"<span style=\"font-size:16px;\">Waar in Friesland komt de spreker vandaan?<br \/>\n<em>W&ecirc;r yn Frysl&acirc;n komt de sprekker wei?<\/em><\/span>","DefaultChoices":false,"QuestionType":"DB","Selector":"TB","Configuration":{"QuestionDescriptionOption":"UseText"},"QuestionDescription":"Waar in Friesland komt de spreker vandaan?W\u00ear yn Frysl\u00e2n komt de sprekker wei?","ChoiceOrder":[],"Validation":{"Settings":{"Type":"None"}},"GradingData":[],"Language":[],"NextChoiceId":4,"NextAnswerId":1,"DataVisibility":{"Private":false,"Hidden":false},"QuestionText_Unsafe":"<p>Listen to the following fragment:<\/p>","QuestionJS":"Qualtrics.SurveyEngine.addOnload(function()\n{\n\tinitSpeakerFragment(this.getQuestionContainer(), '${lm:\/\/Field\/1}', '${lm:\/\/Field\/2}');\n\n});\n\nQualtrics.SurveyEngine.addOnReady(function()\n{\n\t\/*Place your JavaScript here to run when the page is fully displayed*\/\n\n});\n\nQualtrics.SurveyEngine.addOnUnload(function()\n{\n\t\/*Place your JavaScript here to run when the page is unloaded*\/\n\n});","DataExportTag":"Q24","QuestionID":"QID24"}},{"SurveyID":"SV_e98l4S5aWCU8rEa","Element":"SQ","PrimaryAttribute":"QID27","SecondaryAttribute":"Waar in Friesland komt de spreker vandaan?W\u00ear yn Frysl\u00e2n komt de sprekker wei?","TertiaryAttribute":null,"Payload":{"QuestionText":"<span style=\"font-size:16px;\">Waar in Friesland komt de spreker vandaan?<br \/>\n<em>W&ecirc;r yn Frysl&acirc;n komt de sprekker wei?<\/em><\/span>","DefaultChoices":false,"QuestionType":"DB","Selector":"TB","Configuration":{"QuestionDescriptionOption":"UseText"},"QuestionDescription":"Waar in Friesland komt de spreker vandaan?W\u00ear yn Frysl\u00e2n komt de sprekker wei?","ChoiceOrder":[],"Validation":{"Settings":{"Type":"None"}},"GradingData":[],"Language":[],"NextChoiceId":4,"NextAnswerId":1,"DataVisibility":{"Private":false,"Hidden":false},"QuestionText_Unsafe":"<p>Listen to the following fragment:<\/p>","QuestionJS":"Qualtrics.SurveyEngine.addOnload(function()\n{\n\tinitSpeakerFragment(this.getQuestionContainer(), '${lm:\/\/Field\/1}', '${lm:\/\/Field\/2}');\n\n});\n\nQualtrics.SurveyEngine.addOnReady(function()\n{\n\t\/*Place your JavaScript here to run when the page is fully displayed*\/\n\n});\n\nQualtrics.SurveyEngine.addOnUnload(function()\n{\n\t\/*Place your JavaScript here to run when the page is unloaded*\/\n\n});","DataExportTag":"Q27","QuestionID":"QID27"}},{"SurveyID":"SV_e98l4S5aWCU8rEa","Element":"SQ","PrimaryAttribute":"QID38","SecondaryAttribute":"Wat is de postcode van de plaats waar je het langst gewoond hebt (enkel cijfers)?(Je hoeft niet t...","TertiaryAttribute":null,"Payload":{"QuestionText":"<p><span style=\"font-size:16px;\"><br><\/span><\/p><p><span style=\"font-size:16px;\"><br><\/span><\/p><p><span style=\"font-size:16px;\">Wat is de postcode van de plaats waar je <u><strong>het langst<\/strong><\/u> gewoond hebt (enkel cijfers)?<br>\n<i>(Je hoeft niet te antwoorden als dat buiten Nederland is)<\/i><\/span><\/p>\n\n<p>&nbsp;<\/p>\n\n<p><span style=\"font-size:16px;\">Wat is de postkoade fan it plak d\u00ear\u2019t jo <u><strong>it langst<\/strong><\/u> wenne ha (allinnich n\u00fbmers)?<br>\n<i>(Jo hoege net te antwurdzjen as jo net yn Nederl\u00e2n wenje)<\/i><\/span><\/p>","DefaultChoices":false,"DataExportTag":"Q28","QuestionType":"TE","Selector":"SL","DataVisibility":{"Private":false,"Hidden":false},"Configuration":{"QuestionDescriptionOption":"UseText"},"QuestionDescription":"Wat is de postcode van de plaats waar je het langst gewoond hebt (enkel cijfers)?(Je hoeft niet t...","Validation":{"Settings":{"ForceResponse":"OFF","ForceResponseType":"ON","Type":"None","MinChars":"1","ValidDateType":"DateWithFormat","ValidPhoneType":"ValidUSPhone","ValidZipType":"ValidNLZip","ValidNumber":{"Min":"","Max":"","NumDecimals":""}}},"GradingData":[],"Language":[],"NextChoiceId":4,"NextAnswerId":1,"SearchSource":{"AllowFreeResponse":"false"},"QuestionID":"QID38"}},{"SurveyID":"SV_e98l4S5aWCU8rEa","Element":"SQ","PrimaryAttribute":"QID37","SecondaryAttribute":"Wat is de postcode van je huidige woonplaats (enkel cijfers)?(Je hoeft niet te antwoorden als je...","TertiaryAttribute":null,"Payload":{"QuestionText":"<p><span style=\"font-size:16px;\">Wat is de postcode van je <u><strong>huidige<\/strong><\/u> woonplaats (enkel cijfers)?<br \/>\n<i>(Je hoeft niet te antwoorden als je niet in Nederland woont)<\/i><\/span><\/p>\n\n<p>&nbsp;<\/p>\n\n<p><span style=\"font-size:16px;\"><i>Wat is de postkoade fan jo <u><strong>hjoeddeistige<\/strong><\/u> wenplak (<\/i><i>allinnich<\/i><i> n&ucirc;mers)?<\/i><br \/>\n<i>(Jo hoege net te antwurdzjen as jo net yn Nederl&acirc;n wenje)<\/i><\/span><\/p>","DefaultChoices":false,"DataExportTag":"Q27","QuestionID":"QID37","QuestionType":"TE","Selector":"SL","DataVisibility":{"Private":false,"Hidden":false},"Configuration":{"QuestionDescriptionOption":"UseText"},"QuestionDescription":"Wat is de postcode van je huidige woonplaats (enkel cijfers)?(Je hoeft niet te antwoorden als je...","Validation":{"Settings":{"ForceResponse":"OFF","Type":"None"}},"GradingData":[],"Language":[],"NextChoiceId":4,"NextAnswerId":1,"SearchSource":{"AllowFreeResponse":"false"}}},{"SurveyID":"SV_e98l4S5aWCU8rEa","Element":"SQ","PrimaryAttribute":"QID36","SecondaryAttribute":"Wat is je geboortejaar?Wat is jo bertejier?","TertiaryAttribute":null,"Payload":{"QuestionText":"<p><span style=\"font-size:16px;\">Wat is je geboortejaar?<br \/>\n<em>Wat is jo bertejier?<\/em><\/span><\/p>","DefaultChoices":false,"DataExportTag":"Q26","QuestionType":"TE","Selector":"SL","Configuration":{"QuestionDescriptionOption":"UseText"},"QuestionDescription":"Wat is je geboortejaar?Wat is jo bertejier?","Validation":{"Settings":{"ForceResponse":"ON","ForceResponseType":"ON","Type":"ContentType","MinChars":"1","ContentType":"ValidNumber","ValidDateType":"DateWithFormat","ValidPhoneType":"ValidUSPhone","ValidZipType":"ValidUSZip","ValidNumber":{"Min":"","Max":"","NumDecimals":""}}},"GradingData":[],"Language":[],"NextChoiceId":4,"NextAnswerId":1,"SearchSource":{"AllowFreeResponse":"false"},"QuestionID":"QID36","DataVisibility":{"Private":false,"Hidden":false}}},{"SurveyID":"SV_e98l4S5aWCU8rEa","Element":"SQ","PrimaryAttribute":"QID33","SecondaryAttribute":"Wat is je geslacht?Wat is jo geslacht?","TertiaryAttribute":null,"Payload":{"QuestionText":"<p><span style=\"font-size:16px;\">Wat is je geslacht?<br \/>\n<i>Wat is jo geslacht?<\/i><\/span><\/p>","DefaultChoices":false,"DataExportTag":"Q23","QuestionType":"MC","Selector":"SAVR","SubSelector":"TX","Configuration":{"QuestionDescriptionOption":"UseText"},"QuestionDescription":"Wat is je geslacht?Wat is jo geslacht?","Choices":{"1":{"Display":"Man"},"2":{"Display":"Vrouw<br \/>\nFrou"},"3":{"Display":"Ik zeg het liever niet<br \/>\nSis ik leaver net"},"6":{"Display":"anders<br \/>oars"}},"ChoiceOrder":["1","2","3","6"],"Validation":{"Settings":{"ForceResponse":"ON","ForceResponseType":"ON","Type":"None"}},"GradingData":[],"Language":[],"NextChoiceId":8,"NextAnswerId":1,"QuestionID":"QID33","DataVisibility":{"Private":false,"Hidden":false}}},{"SurveyID":"SV_e98l4S5aWCU8rEa","Element":"SQ","PrimaryAttribute":"QID34","SecondaryAttribute":"Wat is je hoogst voltooide opleiding?Wat is de heechste oplieding dy\u2019t jo \u00f4fmakke hawwe?","TertiaryAttribute":null,"Payload":{"QuestionText":"<p><span style=\"font-size:16px;\">Wat is je hoogst voltooide opleiding?<br \/>\n<i>Wat is de heechste oplieding dy&rsquo;t jo &ocirc;fmakke hawwe?<\/i><\/span><\/p>","DefaultChoices":false,"DataExportTag":"Q24","QuestionType":"MC","Selector":"SAVR","SubSelector":"TX","Configuration":{"QuestionDescriptionOption":"UseText"},"QuestionDescription":"Wat is je hoogst voltooide opleiding?Wat is de heechste oplieding dy\u2019t jo \u00f4fmakke hawwe?","Choices":{"1":{"Display":"basisschool"},"2":{"Display":"vmbo"},"3":{"Display":"havo"},"4":{"Display":"vwo"},"5":{"Display":"MBO"},"6":{"Display":"HBO"},"7":{"Display":"universiteit"}},"ChoiceOrder":["1","2","3","4","5","6","7"],"Validation":{"Settings":{"ForceResponse":"ON","ForceResponseType":"ON","Type":"None"}},"GradingData":[],"Language":[],"NextChoiceId":8,"NextAnswerId":1,"QuestionID":"QID34","DataVisibility":{"Private":false,"Hidden":false}}},{"SurveyID":"SV_e98l4S5aWCU8rEa","Element":"SQ","PrimaryAttribute":"QID31","SecondaryAttribute":"Wat is je moedertaal of moedertalen?\u00a0Wat is dyn memmetaal of\u00a0memmetalen?","TertiaryAttribute":null,"Payload":{"QuestionText":"<p><span style=\"font-size:16px;\">Wat is je moedertaal of moedertalen?&nbsp;<\/span><br>\n<i style=\"font-size: 16px;\">Wat is dyn memmetaal of&nbsp;<\/i><font size=\"3\"><i>memmetalen<\/i><\/font><i style=\"font-size: 16px;\">?<\/i><\/p>","DefaultChoices":false,"DataExportTag":"Q21","QuestionType":"MC","Selector":"MAVR","SubSelector":"TX","Configuration":{"QuestionDescriptionOption":"UseText"},"QuestionDescription":"Wat is je moedertaal of moedertalen?\u00a0Wat is dyn memmetaal of\u00a0memmetalen?","Choices":{"2":{"Display":"Fries \/ Frysk"},"4":{"Display":"Nederlands \/ Nederl\u00e2nsk"},"6":{"Display":"Stellingwerfs \/ Stellingwarfs"},"8":{"Display":"Stadtsfries \/ Stedsk"},"9":{"Display":"Bildts \/ Biltsk"},"11":{"Display":"Anders \/ oars"}},"ChoiceOrder":["2","4","6","8","9","11"],"Validation":{"Settings":{"ForceResponse":"ON","ForceResponseType":"ON","Type":"None"}},"GradingData":[],"Language":[],"NextChoiceId":12,"NextAnswerId":1,"QuestionID":"QID31","DataVisibility":{"Private":false,"Hidden":false}}},{"SurveyID":"SV_e98l4S5aWCU8rEa","Element":"SQ","PrimaryAttribute":"QID16","SecondaryAttribute":"Welkom bij de online vragenlijst van het onderzoek \u2018Herken je het accent?Wolkom by de online enk\u00ea","TertiaryAttribute":null,"Payload":{"QuestionText":"<b><span style=\"font-size:19px;\">Welkom bij de online vragenlijst van het onderzoek \u2018Herken je het accent?<\/span><br>\n<span style=\"font-size:19px;\"><em>Wolkom by de online enk\u00eatefragelist \u2018Kinne jo it aksint teplak bringe?\u2019<\/em><\/span><\/b><br>\n<br>\n<span style=\"font-size:16px;\">Zet je koptelefoon op en\/of zet het geluid aan.<br>\nJe krijgt zo meteen 10 sprekers te horen. Klik op de kaart van Friesland om aan te geven waar je denkt dat de sprekers vandaan komen. Je mag elke spreker meerdere malen beluisteren. Het duurt ongeveer 10 minuten.<br>\n<br>\n<i>Set jo koptelefoan op en\/of set it l\u00fbd oan.<br>\nJo krije daliks 10 sprekkers te hearren. Klik op \u2019e kaart fan Frysl\u00e2n om oan te jaan w\u00ear\u2019t jo tinke dat de sprekkers wei komme. Jo meie de sprekkers sa faak beharkje as jo wolle. It duorret sa\u2019n 10 minuten.<\/i><\/span><br>\n&nbsp;\n<p><span style=\"font-size:16px;\"><font color=\"#000000\"><font face=\"Arial, serif\">Je deelname is vrijwillig en anoniem. Wij zijn verplicht de verzamelde gegevens minimaal 10 jaar te bewaren op een beveiligde server van de&nbsp;Fryske&nbsp;Akademy. De verzamelde onderzoeksgegevens worden gebruikt voor taalkundig onderzoek.&nbsp;De&nbsp;Fryske&nbsp;Akademy&nbsp;werkt voor dit onderzoek samen met de Universiteit Utrecht.&nbsp;De Facultaire Ethische ToetsingsCommissie Geesteswetenschappen (FETC-GW) van de Universiteit Utrecht heeft dit onderzoek goedgekeurd. Als je een klacht wil indienen over de procedure omtrent dit onderzoek, dan kan je contact opnemen met de secretaris van de FETC-GW, e-mail:&nbsp;<\/font><\/font><a target=\"_parent\" href=\"mailto:fetc-gw@uu.nl\"><font color=\"#ffcc00\"><font face=\"Arial, serif\"><u>fetc-gw@uu.nl<\/u><\/font><\/font><\/a><font color=\"#000000\"><font face=\"Arial, serif\">.<br>\n<br>\n<i>Jo dielname is frijwillich en anonym. Wy binne ferplichte om de gegevens op syn minst 10 jier te bewarjen op in befeilige server fan de Fryske Akademy. De sammele \u00fbndersyksgegevens wurde br\u00fbkt foar taalkundich \u00fbndersyk. De Fryske Akademy wurket foar dit \u00fbndersyk gear mei de Universiteit Utrecht. De Facultaire Ethische ToetsingsCommissie Geesteswetenschappen (<\/i><\/font><\/font><font color=\"#000000\"><font face=\"Arial, serif\"><i>FETC-GW<\/i><\/font><\/font><font color=\"#000000\"><font face=\"Arial, serif\"><i>) fan de <\/i><\/font><\/font><font color=\"#000000\"><font face=\"Arial, serif\"><i>Universiteit<\/i><\/font><\/font><font color=\"#000000\"><font face=\"Arial, serif\"><i> <\/i><\/font><\/font><font color=\"#000000\"><font face=\"Arial, serif\"><i>Utrecht<\/i><\/font><\/font><font color=\"#000000\"><font face=\"Arial, serif\"><i> hat dit \u00fbndersyk goedkard. As jo in klacht yntsjinje wolle oer de proseduere om dit \u00fbndersyk hinne, dan kinne jo kontakt opnimme mei de sekretaris fan de <\/i><\/font><\/font><font color=\"#000000\"><font face=\"Arial, serif\"><i>FETC-GW<\/i><\/font><\/font><font color=\"#000000\"><font face=\"Arial, serif\"><i>, <\/i><\/font><\/font><font color=\"#000000\"><font face=\"Arial, serif\"><i>email<\/i><\/font><\/font><font color=\"#000000\"><font face=\"Arial, serif\"><i>:<\/i><\/font><\/font><i> <\/i><a target=\"_parent\" href=\"mailto:fetc-gw@uu.nl\"><font color=\"#ffcc00\"><font face=\"Arial, serif\"><i><u>fetc-gw@uu.nl<\/u><\/i><\/font><\/font><\/a><font color=\"#000000\"><font face=\"Arial, serif\"><i>.<\/i><\/font><\/font><\/span><\/p>","DefaultChoices":false,"DataExportTag":"Q13","QuestionType":"DB","Selector":"TB","Configuration":{"QuestionDescriptionOption":"UseText"},"QuestionDescription":"Welkom bij de online vragenlijst van het onderzoek \u2018Herken je het accent?Wolkom by de online enk\u00ea...","ChoiceOrder":[],"Validation":{"Settings":{"Type":"None"}},"GradingData":[],"Language":[],"NextChoiceId":4,"NextAnswerId":1,"QuestionID":"QID16","DataVisibility":{"Private":false,"Hidden":false}}},{"SurveyID":"SV_e98l4S5aWCU8rEa","Element":"SQ","PrimaryAttribute":"QID23","SecondaryAttribute":"Wil je nog een keer proberen?Wolle jo it nochris besykje?","TertiaryAttribute":null,"Payload":{"QuestionText":"<span style=\"font-size:16px;\">Wil je nog een keer proberen?<br \/>\n<i>Wolle jo it nochris besykje?<\/i><\/span>","DefaultChoices":false,"DataExportTag":"Q16","QuestionType":"MC","Selector":"SAVR","SubSelector":"TX","Configuration":{"QuestionDescriptionOption":"UseText"},"QuestionDescription":"Wil je nog een keer proberen?Wolle jo it nochris besykje?","Choices":{"1":{"Display":"Ja, ik wil nog een keer 10 sprekers beluisteren.<br \/>\n<i>Ja, ik wol graach nei noch 10 sprekkers harkje<\/i><br \/>"},"3":{"Display":"<p>Nee, ik wil mijn score zien.<br \/>\n<i>Nee, ik wol myn skoare sjen.<\/i><\/p>"}},"ChoiceOrder":["1","3"],"Validation":{"Settings":{"ForceResponse":"ON","ForceResponseType":"ON","Type":"None"}},"GradingData":[],"Language":[],"NextChoiceId":4,"NextAnswerId":1,"QuestionID":"QID23","QuestionJS":"Qualtrics.SurveyEngine.addOnload(function()\n{\n\tstartNewRound();\n\n});\n\nQualtrics.SurveyEngine.addOnReady(function()\n{\n\t\/*Place your JavaScript here to run when the page is fully displayed*\/\n\n});\n\nQualtrics.SurveyEngine.addOnUnload(function()\n{\n\t\/*Place your JavaScript here to run when the page is unloaded*\/\n\n});","DataVisibility":{"Private":false,"Hidden":false}}}]}
